git.wildberries.ru/oer/tokenizer v0.2.8 h1:srlxWhKMnb7YnYASCXu8EhtcxfA3/WUnKkT/XNJqo90=
git.wildberries.ru/oer/tokenizer v0.2.8/go.mod h1:nBsR83daC7FdJSU+wzLe5HHFS2Q8UtMXFrnewrv3QiA=
github.com/Saimunyz/speller v0.0.0-20220404135354-850843271f2b h1:T35nWbtWGXBtfrEFNFA5VFtXrNw27T+qkDYk//CTSL0=
github.com/Saimunyz/speller v0.0.0-20220404135354-850843271f2b/go.mod h1:vaEcRgFjsTKKK4+bxYjSUvRyg1DHr58mIp8+b/VxK5A=
github.com/Saimunyz/speller v0.0.0-20220407135848-17724063962e h1:0QjfzNa3nycCo8xaNTPb0dW+PJGquS9kRFaL5GrNhMM=
github.com/Saimunyz/speller v0.0.0-20220407135848-17724063962e/go.mod h1:VnMP3QLgAuBoT35CcWW6uD3cXVsM1soR2DeyNapG1os=
github.com/Saimunyz/speller v0.0.0-20220408110413-178ae093f72d h1:06C9dS82Z2oXHOwiWAIOwqn8cOaMUDb9KBPbQUkV8Gc=
github.com/Saimunyz/speller v0.0.0-20220408110413-178ae093f72d/go.mod h1:VnMP3QLgAuBoT35CcWW6uD3cXVsM1soR2DeyNapG1os=
github.com/Saimunyz/speller v0.0.0-20220408193320-521c6f523dbd h1:8s7UCpisM5oTyWdJJDdda2++Asi1WqXDKeL/+zAHC4c=
github.com/Saimunyz/speller v0.0.0-20220408193320-521c6f523dbd/go.mod h1:VnMP3QLgAuBoT35CcWW6uD3cXVsM1soR2DeyNapG1os=
github.com/Saimunyz/speller v0.0.0-20220411112437-6ee129e6a3d4 h1:xqymspRqdLhTjArUx3ecSXl1PE4Xesfk965+xhNb5i8=
github.com/Saimunyz/speller v0.0.0-20220411112437-6ee129e6a3d4/go.mod h1:VnMP3QLgAuBoT35CcWW6uD3cXVsM1soR2DeyNapG1os=
github.com/Saimunyz/speller v0.0.0-20220411113929-398cf90ef375 h1:8nbvHrKi2ZAClDBwb19HocQ/MmNCY+uzvHRyfbq6/Kw=
github.com/Saimunyz/speller v0.0.0-20220411113929-398cf90ef375/go.mod h1:VnMP3QLgAuBoT35CcWW6uD3cXVsM1soR2DeyNapG1os=
github.com/Saimunyz/speller v0.0.0-20220411123449-150e17c55fbb h1:oglLxA7HLxqTF2NEHhpavXOEimrRfRGmqL7lt5CFclk=
github.com/Saimunyz/speller v0.0.0-20220411123449-150e17c55fbb/go.mod h1:VnMP3QLgAuBoT35CcWW6uD3cXVsM1soR2DeyNapG1os=
github.com/Saimunyz/speller v0.0.0-20220411153136-9639551f5002 h1:yCTV3cf4o6G9CH6u+0vLZFYgBJSCYG9zRyNuPy+G+Cc=
github.com/Saimunyz/speller v0.0.0-20220411153136-9639551f5002/go.mod h1:VnMP3QLgAuBoT35CcWW6uD3cXVsM1soR2DeyNapG1os=
github.com/Saimunyz/speller v0.0.0-20220411184207-c5322b93e83e h1:DffLL2YY0RueVldptE/sWaLqfz4vzhb6sSk8W8FdSvQ=
github.com/Saimunyz/speller v0.0.0-20220411184207-c5322b93e83e/go.mod h1:VnMP3QLgAuBoT35CcWW6uD3cXVsM1soR2DeyNapG1os=
github.com/Saimunyz/speller v0.0.0-20220412141342-ed2402cc533e h1:O7TNQ5/MbRFTZUImCTetUhXneJGsfJnxqxt/2QcCW14=
github.com/Saimunyz/speller v0.0.0-20220412141342-ed2402cc533e/go.mod h1:VnMP3QLgAuBoT35CcWW6uD3cXVsM1soR2DeyNapG1os=
github.com/Saimunyz/speller v0.0.0-20220412182514-5fedd3d24f0f h1:zBjJtK/HuzfPfJ1k0wrDHRWtS9cOqab6IkUFC7yTMG4=
github.com/Saimunyz/speller v0.0.0-20220412182514-5fedd3d24f0f/go.mod h1:VnMP3QLgAuBoT35CcWW6uD3cXVsM1soR2DeyNapG1os=
github.com/Saimunyz/speller v0.0.0-20220413192603-f18508f878d1 h1:dpnOJ0dSYIlhgaH6pzttRdHcgh7r+wRRy4YxfhLNVJI=
github.com/Saimunyz/speller v0.0.0-20220413192603-f18508f878d1/go.mod h1:VnMP3QLgAuBoT35CcWW6uD3cXVsM1soR2DeyNapG1os=
github.com/Saimunyz/speller v0.0.0-20220414123656-3c938dece7bb h1:kvtB1rpK8YJfNzxkP/IurDBnc0Vl0TZ71qB3RMx2W+0=
github.com/Saimunyz/speller v0.0.0-20220414123656-3c938dece7bb/go.mod h1:VnMP3QLgAuBoT35CcWW6uD3cXVsM1soR2DeyNapG1os=
github.com/Saimunyz/speller v0.0.0-20220415134747-9c45b035f2a4 h1:7OP4TnvlJHbiIUDoXbhZaHZJXokYZiOMyIkl2uCokpE=
github.com/Saimunyz/speller v0.0.0-20220415134747-9c45b035f2a4/go.mod h1:MizqnXZPaOew54Nkdd72hMiuJPICsjOibVp9XcMEWts=
github.com/Saimunyz/speller v0.0.0-20220415161934-40ec7f82b13d h1:J5PlzFRho9la3bHUVDdAh8w/xEwaTYqAzxX4NQlzjyw=
github.com/Saimunyz/speller v0.0.0-20220415161934-40ec7f82b13d/go.mod h1:VnMP3QLgAuBoT35CcWW6uD3cXVsM1soR2DeyNapG1os=
github.com/Saimunyz/speller v0.0.0-20220418094947-6172cbe195df h1:sS930Iccf1MtlQCQRqlSZ6UOtJpN6GJrnsji5D9qN5U=
github.com/Saimunyz/speller v0.0.0-20220418094947-6172cbe195df/go.mod h1:MizqnXZPaOew54Nkdd72hMiuJPICsjOibVp9XcMEWts=
github.com/andybalholm/brotli v1.0.2/go.mod h1:loMXtMfwqflxFJPmdbJO0a3KNoPuLBgiu3qAvBg8x/Y=
github.com/andybalholm/brotli v1.0.4 h1:V7DdXeJtZscaqfNuAdSRuRFzuiKlHSC/Zh3zl9qY3JY=
github.com/andybalholm/brotli v1.0.4/go.mod h1:fO7iG3H7G2nSZ7m0zPUDn85XEX2GTukHGRSepvi9Eig=
github.com/eskriett/spell v0.0.0-20210919200434-03313e3b725f h1:mPynKhbnZ23WhRhoPILHnoWPmBggreHEjd8EQZ66ddM=
github.com/eskriett/spell v0.0.0-20210919200434-03313e3b725f/go.mod h1:7rKRnfuXt5i1vs60OAWNrgaT3t1Xr2Brh1mX7s9LQow=
github.com/eskriett/strmet v0.0.0-20200126103939-2653f802bdb0 h1:GIeVmCzx6nh+ME5+NHwRoe88hX1uts2oa0KoaJdPxp8=
github.com/eskriett/strmet v0.0.0-20200126103939-2653f802bdb0/go.mod h1:EifF5zlC1liBkHe4YKuoxeXJVUs+CRQgOEL+3QIREUg=
github.com/golang/snappy v0.0.3/go.mod h1:/XxbfmMg8lxefKM7IXC3fBNl/7bRcc72aCRzEWrmP2Q=
github.com/klauspost/compress v1.13.4/go.mod h1:8dP1Hq4DHOhN9w426knH3Rhby4rFm6D8eO+e+Dq5Gzg=
github.com/klauspost/compress v1.15.0/go.mod h1:/3/Vjq9QcHkK5uEr5lBEmyoZ1iFhe47etQ6QUkpK6sk=
github.com/klauspost/compress v1.15.1 h1:y9FcTHGyrebwfP0ZZqFiaxTaiDnUrGkJkI+f583BL1A=
github.com/klauspost/compress v1.15.1/go.mod h1:/3/Vjq9QcHkK5uEr5lBEmyoZ1iFhe47etQ6QUkpK6sk=
github.com/mitchellh/mapstructure v1.4.2/go.mod h1:bFUtVrKA4DC2yAKiSyO/QUcy7e+RRV2QTWOzhPopBRo=
github.com/mitchellh/mapstructure v1.4.3 h1:OVowDSCllw/YjdLkam3/sm7wEtOy59d8ndGgCcyj8cs=
github.com/mitchellh/mapstructure v1.4.3/go.mod h1:bFUtVrKA4DC2yAKiSyO/QUcy7e+RRV2QTWOzhPopBRo=
github.com/segmentio/fasthash v1.0.3 h1:EI9+KE1EwvMLBWwjpRDc+fEM+prwxDYbslddQGtrmhM=
github.com/segmentio/fasthash v1.0.3/go.mod h1:waKX8l2N8yckOgmSsXJi7x1ZfdKZ4x7KRMzBtS3oedY=
github.com/tidwall/gjson v1.9.1/go.mod h1:jydLKE7s8J0+1/5jC4eXcuFlzKizGrCKvLmBVX/5oXc=
github.com/tidwall/gjson v1.14.0 h1:6aeJ0bzojgWLa82gDQHcx3S0Lr/O51I9bJ5nv6JFx5w=
github.com/tidwall/gjson v1.14.0/go.mod h1:/wbyibRr2FHMks5tjHJ5F8dMZh3AcwJEMf5vlfC0lxk=
github.com/tidwall/match v1.0.3/go.mod h1:eRSPERbgtNPcGhD8UCthc6PmLEQXEWd3PRB5JTxsfmM=
github.com/tidwall/match v1.1.1 h1:+Ho715JplO36QYgwN9PGYNhgZvoUSc9X2c80KVTi+GA=
github.com/tidwall/match v1.1.1/go.mod h1:eRSPERbgtNPcGhD8UCthc6PmLEQXEWd3PRB5JTxsfmM=
github.com/tidwall/pretty v1.2.0 h1:RWIZEg2iJ8/g6fDDYzMpobmaoGh5OLl4AXtGUGPcqCs=
github.com/tidwall/pretty v1.2.0/go.mod h1:ITEVvHYasfjBbM0u2Pg8T2nJnzm8xPwvNhhsoaGGjNU=
github.com/valyala/bytebufferpool v1.0.0 h1:GqA5TC/0021Y/b9FG4Oi9Mr3q7XYx6KllzawFIhcdPw=
github.com/valyala/bytebufferpool v1.0.0/go.mod h1:6bBcMArwyJ5K/AmCkWv1jt77kVWyCJ6HpOuEn7z0Csc=
github.com/valyala/fasthttp v1.30.0/go.mod h1:2rsYD01CKFrjjsvFxx75KlEUNpWNBY9JWD3K/7o2Cus=
github.com/valyala/fasthttp v1.34.0 h1:d3AAQJ2DRcxJYHm7OXNXtXt2as1vMDfxeIcFvhmGGm4=
github.com/valyala/fasthttp v1.34.0/go.mod h1:epZA5N+7pY6ZaEKRmstzOuYJx9HI8DI1oaCGZpdH4h0=
github.com/valyala/fasthttp v1.35.0 h1:wwkR8mZn2NbigFsaw2Zj5r+xkmzjbrA/lyTmiSlal/Y=
github.com/valyala/fasthttp v1.35.0/go.mod h1:t/G+3rLek+CyY9bnIE+YlMRddxVAAGjhxndDB4i4C0I=
github.com/valyala/tcplisten v1.0.0/go.mod h1:T0xQ8SeCZGxckz9qRXTfG43PvQ/mcWh7FwZEA7Ioqkc=
golang.org/x/crypto v0.0.0-20210513164829-c07d793c2f9a/go.mod h1:P+XmwS30IXTQdn5tA2iutPOUgjI07+tq3H3K9MVA1s8=
golang.org/x/crypto v0.0.0-20220214200702-86341886e292/go.mod h1:IxCIyHEi3zRg3s0A5j5BB6A9Jmi73HwBIUl50j+osU4=
golang.org/x/net v0.0.0-20210226172049-e18ecbb05110/go.mod h1:m0MpNAwzfU5UDzcl9v0D8zg8gWTRqZa9RBIspLL5mdg=
golang.org/x/net v0.0.0-20210510120150-4163338589ed/go.mod h1:9nx3DQGgdP8bBQD5qxJ1jj9UTztislL4KSBs9R2vV5Y=
golang.org/x/net v0.0.0-20211112202133-69e39bad7dc2/go.mod h1:9nx3DQGgdP8bBQD5qxJ1jj9UTztislL4KSBs9R2vV5Y=
golang.org/x/net v0.0.0-20220225172249-27dd8689420f/go.mod h1:CfG3xpIq0wQ8r1q4Su4UZFWDARRcnwPjda9FqA0JpMk=
golang.org/x/sys v0.0.0-20201119102817-f84b799fce68/go.mod h1:h1NjWce9XRLGQEsW7wpKNCjG9DtNlClVuFLEZdDNbEs=
golang.org/x/sys v0.0.0-20210423082822-04245dca01da/go.mod h1:h1NjWce9XRLGQEsW7wpKNCjG9DtNlClVuFLEZdDNbEs=
golang.org/x/sys v0.0.0-20210514084401-e8d321eab015/go.mod h1:oPkhp1MJrh7nUepCBck5+mAzfO9JrbApNNgaTdGDITg=
golang.org/x/sys v0.0.0-20210615035016-665e8c7367d1/go.mod h1:oPkhp1MJrh7nUepCBck5+mAzfO9JrbApNNgaTdGDITg=
golang.org/x/sys v0.0.0-20211216021012-1d35b9e2eb4e/go.mod h1:oPkhp1MJrh7nUepCBck5+mAzfO9JrbApNNgaTdGDITg=
golang.org/x/sys v0.0.0-20220227234510-4e6760a101f9/go.mod h1:oPkhp1MJrh7nUepCBck5+mAzfO9JrbApNNgaTdGDITg=
golang.org/x/term v0.0.0-20201126162022-7de9c90e9dd1/go.mod h1:bj7SfCRtBDWHUb9snDiAeCFNEtKQo2Wmx5Cou7ajbmo=
golang.org/x/term v0.0.0-20210927222741-03fcf44c2211/go.mod h1:jbD1KX2456YbFQfuXm/mYQcufACuNUgVhRMnK/tPxf8=
golang.org/x/text v0.3.3/go.mod h1:5Zoc/QRtKVWzQhOtBMvqHzDpF6irO9z98xDceosuGiQ=
golang.org/x/text v0.3.6/go.mod h1:5Zoc/QRtKVWzQhOtBMvqHzDpF6irO9z98xDceosuGiQ=
golang.org/x/text v0.3.7/go.mod h1:u+2+/6zg+i71rQMx5EYifcz6MCKuco9NR6JIITiCfzQ=
golang.org/x/tools v0.0.0-20180917221912-90fa682c2a6e/go.mod h1:n7NCudcB/nEzxVGmLbDWY5pfWTLqBcC2KZ6jyYvM4mQ=
gopkg.in/check.v1 v0.0.0-20161208181325-20d25e280405 h1:yhCVgyC4o1eVCa2tZl7eS0r+SDo693bJlVdllGtEeKM=
gopkg.in/check.v1 v0.0.0-20161208181325-20d25e280405/go.mod h1:Co6ibVJAznAaIkqp8huTwlJQCZ016jof/cbN4VW5Yz0=
gopkg.in/yaml.v3 v3.0.0-20210107192922-496545a6307b h1:h8qDotaEPuJATrMmW04NCwg7v22aHH28wwpauUhK9Oo=
gopkg.in/yaml.v3 v3.0.0-20210107192922-496545a6307b/go.mod h1:K4uyk7z7BCEPqu6E+C64Yfv1cQ7kz7rIZviUmN+EgEM=
